
Microsoft Visual Studio Solution File, Format Version 12.00
# Visual Studio Version 17
VisualStudioVersion = 17.0.32126.317
MinimumVisualStudioVersion = 10.0.40219.1
Project("{FAE04EC0-301F-11D3-BF4B-00C04F79EFBC}") = "GameRPG", "GameRPG\GameRPG.csproj", "{838456D7-A32B-415B-9397-591D2AD55224}"
EndProject
Global
	GlobalSection(SolutionConfigurationPlatforms) = preSolution
		Debug|Any CPU = Debug|Any CPU
		Release|Any CPU = Release|Any CPU
	EndGlobalSection
	GlobalSection(ProjectConfigurationPlatforms) = postSolution
		{838456D7-A32B-415B-9397-591D2AD55224}.Debug|Any CPU.ActiveCfg = Debug|Any CPU
		{838456D7-A32B-415B-9397-591D2AD55224}.Debug|Any CPU.Build.0 = Debug|Any CPU
		{838456D7-A32B-415B-9397-591D2AD55224}.Release|Any CPU.ActiveCfg = Release|Any CPU
		{838456D7-A32B-415B-9397-591D2AD55224}.Release|Any CPU.Build.0 = Release|Any CPU
	EndGlobalSection
	GlobalSection(SolutionProperties) = preSolution
		HideSolutionNode = FALSE
	EndGlobalSection
	GlobalSection(ExtensibilityGlobals) = postSolution
		SolutionGuid = {A8EFD78B-C5FC-4C75-8CAE-BCAB6370A09C}
	EndGlobalSection
EndGlobal
